# This file is autogenerated, do not edit; changes may be undone by the next 'dep ensure'.


[[projects]]
  branch = "master"
  digest = "1:b2694891b250ab363a9f4af077a9ab211bdfef11536b88d2c59b64d1b92ba4be"
  name = "github.com/asciiu/appa"
  packages = [
    "api/models",
    "common/db",
  ]
  pruneopts = "UT"
  revision = "a67220578a595d9dfb35044b221284f96b117d77"

[[projects]]
  digest = "1:236d7e1bdb50d8f68559af37dbcf9d142d56b431c9b2176d41e2a009b664cda8"
  name = "github.com/google/uuid"
  packages = ["."]
  pruneopts = "UT"
  revision = "9b3b1e0f5f99ae461456d768e7d301a7acdaa2d8"
  version = "v1.1.0"

[[projects]]
  digest = "1:b1b6d04c3d4288719efc24ae4e52d24808530f5d28b1a9e4897ea5ad047b6124"
  name = "github.com/graphql-go/graphql"
  packages = [
    ".",
    "gqlerrors",
    "language/ast",
    "language/kinds",
    "language/lexer",
    "language/location",
    "language/parser",
    "language/printer",
    "language/source",
    "language/typeInfo",
    "language/visitor",
  ]
  pruneopts = "UT"
  revision = "08943645bf265d192b32f2100cdff2428f7ae7c5"
  version = "v0.7.7"

[[projects]]
  digest = "1:8ef506fc2bb9ced9b151dafa592d4046063d744c646c1bbe801982ce87e4bc24"
  name = "github.com/lib/pq"
  packages = [
    ".",
    "oid",
  ]
  pruneopts = "UT"
  revision = "4ded0e9383f75c197b3a2aaa6d590ac52df6fd79"
  version = "v1.0.0"

[solve-meta]
  analyzer-name = "dep"
  analyzer-version = 1
  input-imports = [
    "github.com/asciiu/appa/api/models",
    "github.com/asciiu/appa/common/db",
    "github.com/graphql-go/graphql",
    "github.com/lib/pq",
  ]
  solver-name = "gps-cdcl"
  solver-version = 1
