# This file is autogenerated, do not edit; changes may be undone by the next 'dep ensure'.


[[projects]]
  branch = "master"
  digest = "1:ef5b0622d834c139454148b8fd0c92bb314828900532b267ae62da9fec109866"
  name = "github.com/armon/go-metrics"
  packages = ["."]
  pruneopts = "UT"
  revision = "f0300d1749da6fa982027e449ec0c7a145510c3c"

[[projects]]
  branch = "master"
  digest = "1:558bf2c3113f5260cdd46bcda7667fb4ec45a9c2810fbf4164923f1eb8b83fa4"
  name = "github.com/asciiu/oldiez"
  packages = [
    "common/constants/response",
    "common/db",
    "user-service/db/sql",
    "user-service/models",
  ]
  pruneopts = "UT"
  revision = "9124b2e4ea6a476da135dff4b7e52546a8fc319e"

[[projects]]
  digest = "1:ffe9824d294da03b391f44e1ae8281281b4afc1bdaa9588c9097785e3af10cec"
  name = "github.com/davecgh/go-spew"
  packages = ["spew"]
  pruneopts = "UT"
  revision = "8991bc29aa16c548c550c7ff78260e27b9ab7c73"
  version = "v1.1.1"

[[projects]]
  digest = "1:4be5d1a52c61b74c0a4d62f37c0640f706ae6e07eb73617dd013990d565717d5"
  name = "github.com/go-log/log"
  packages = [
    ".",
    "log",
  ]
  pruneopts = "UT"
  revision = "37e2e1f19306361e1fc152a1839f1236149cb4e4"
  version = "v0.1.0"

[[projects]]
  digest = "1:3638dd58eb7a77bb1ed3f57e81f46ce636f0325f68e0900bb9170f71df93b9bc"
  name = "github.com/golang/protobuf"
  packages = [
    "proto",
    "ptypes",
    "ptypes/any",
    "ptypes/duration",
    "ptypes/timestamp",
  ]
  pruneopts = "UT"
  revision = "1d3f30b51784bec5aad268e59fd3c2fc1c2fe73f"

[[projects]]
  digest = "1:236d7e1bdb50d8f68559af37dbcf9d142d56b431c9b2176d41e2a009b664cda8"
  name = "github.com/google/uuid"
  packages = ["."]
  pruneopts = "UT"
  revision = "9b3b1e0f5f99ae461456d768e7d301a7acdaa2d8"
  version = "v1.1.0"

[[projects]]
  digest = "1:49c9af3885e409508807eb2c94a23794009ee6addb81277aef4762a429b314fb"
  name = "github.com/hashicorp/consul"
  packages = [
    "api",
    "watch",
  ]
  pruneopts = "UT"
  revision = "0bddfa23a2ebe3c0773d917fc104f53d74f7a5ec"
  version = "v1.4.0"

[[projects]]
  digest = "1:0ade334594e69404d80d9d323445d2297ff8161637f9b2d347cc6973d2d6f05b"
  name = "github.com/hashicorp/errwrap"
  packages = ["."]
  pruneopts = "UT"
  revision = "8a6fb523712970c966eefc6b39ed2c5e74880354"
  version = "v1.0.0"

[[projects]]
  digest = "1:f47d6109c2034cb16bd62b220e18afd5aa9d5a1630fe5d937ad96a4fb7cbb277"
  name = "github.com/hashicorp/go-cleanhttp"
  packages = ["."]
  pruneopts = "UT"
  revision = "e8ab9daed8d1ddd2d3c4efba338fe2eeae2e4f18"
  version = "v0.5.0"

[[projects]]
  digest = "1:2be5a35f0c5b35162c41bb24971e5dcf6ce825403296ee435429cdcc4e1e847e"
  name = "github.com/hashicorp/go-immutable-radix"
  packages = ["."]
  pruneopts = "UT"
  revision = "27df80928bb34bb1b0d6d0e01b9e679902e7a6b5"
  version = "v1.0.0"

[[projects]]
  branch = "master"
  digest = "1:b8ba23b0b493e601d5ebaf21079bd3433eb304a5d73c0fb40b8aea526e94f46b"
  name = "github.com/hashicorp/go-msgpack"
  packages = ["codec"]
  pruneopts = "UT"
  revision = "fa3f63826f7c23912c15263591e65d54d080b458"

[[projects]]
  digest = "1:f668349b83f7d779567c880550534addeca7ebadfdcf44b0b9c39be61864b4b7"
  name = "github.com/hashicorp/go-multierror"
  packages = ["."]
  pruneopts = "UT"
  revision = "886a7fbe3eb1c874d46f623bfa70af45f425b3d1"
  version = "v1.0.0"

[[projects]]
  branch = "master"
  digest = "1:45aad874d3c7d5e8610427c81870fb54970b981692930ec2a319ce4cb89d7a00"
  name = "github.com/hashicorp/go-rootcerts"
  packages = ["."]
  pruneopts = "UT"
  revision = "6bb64b370b90e7ef1fa532be9e591a81c3493e00"

[[projects]]
  branch = "master"
  digest = "1:14f2005c31ddf99c4a0f36fc440f8d1ac43224194c7c4a904b3c8f4ba5654d0b"
  name = "github.com/hashicorp/go-sockaddr"
  packages = ["."]
  pruneopts = "UT"
  revision = "6d291a969b86c4b633730bfc6b8b9d64c3aafed9"

[[projects]]
  digest = "1:67474f760e9ac3799f740db2c489e6423a4cde45520673ec123ac831ad849cb8"
  name = "github.com/hashicorp/golang-lru"
  packages = ["simplelru"]
  pruneopts = "UT"
  revision = "20f1fb78b0740ba8c3cb143a61e86ba5c8669768"
  version = "v0.5.0"

[[projects]]
  digest = "1:c303b69fce100a685a87a43c99169644966e88c4ff372965813df11fa92ec937"
  name = "github.com/hashicorp/memberlist"
  packages = ["."]
  pruneopts = "UT"
  revision = "ce8abaa0c60c2d6bee7219f5ddf500e0a1457b28"
  version = "v0.1.0"

[[projects]]
  digest = "1:0dd7b7b01769f9df356dc99f9e4144bdbabf6c79041ea7c0892379c5737f3c44"
  name = "github.com/hashicorp/serf"
  packages = ["coordinate"]
  pruneopts = "UT"
  revision = "d6574a5bb1226678d7010325fb6c985db20ee458"
  version = "v0.8.1"

[[projects]]
  digest = "1:3e551bbb3a7c0ab2a2bf4660e7fcad16db089fdcfbb44b0199e62838038623ea"
  name = "github.com/json-iterator/go"
  packages = ["."]
  pruneopts = "UT"
  revision = "1624edc4454b8682399def8740d46db5e4362ba4"
  version = "v1.1.5"

[[projects]]
  digest = "1:8ef506fc2bb9ced9b151dafa592d4046063d744c646c1bbe801982ce87e4bc24"
  name = "github.com/lib/pq"
  packages = [
    ".",
    "oid",
  ]
  pruneopts = "UT"
  revision = "4ded0e9383f75c197b3a2aaa6d590ac52df6fd79"
  version = "v1.0.0"

[[projects]]
  branch = "master"
  digest = "1:0d3455926b7b805da0ba04fe325ad7662f47c0b6522500a2d787667e2fb6e463"
  name = "github.com/micro/cli"
  packages = ["."]
  pruneopts = "UT"
  revision = "8b9d33ec2f19cfe2fe9f448f18b033c004c18fd2"

[[projects]]
  digest = "1:30dd0764b6ce4b825826a31c3e5e97f87320d4011e92ec577dc2835c13290ef8"
  name = "github.com/micro/go-grpc"
  packages = ["."]
  pruneopts = "UT"
  revision = "468507678ee2f75b152d264ac2db8521109ed4ae"
  version = "v0.6.0"

[[projects]]
  branch = "master"
  digest = "1:1ba6e7291c93f36a9eef6628caaed64a82b1da2508d01f6347c7936f5c2531f6"
  name = "github.com/micro/go-log"
  packages = ["."]
  pruneopts = "UT"
  revision = "cbfa9447f9b655f8e66583237e51f40ca9bff860"

[[projects]]
  digest = "1:bfceccd8a76dc549d4d8c5711243b18f4e1cacacea2df674652e4bdaa21ad081"
  name = "github.com/micro/go-micro"
  packages = [
    ".",
    "broker",
    "broker/codec",
    "broker/codec/json",
    "broker/http",
    "client",
    "cmd",
    "codec",
    "codec/jsonrpc",
    "codec/protorpc",
    "errors",
    "metadata",
    "registry",
    "registry/consul",
    "registry/gossip",
    "registry/gossip/proto",
    "registry/mdns",
    "selector",
    "selector/cache",
    "server",
    "server/debug",
    "server/debug/proto",
    "transport",
    "transport/codec",
    "transport/http",
  ]
  pruneopts = "UT"
  revision = "c2cc03a47266763aba03ae7980765a2177d1ee6b"
  version = "v0.15.0"

[[projects]]
  digest = "1:ddd07c138c366b267b7a033d7b8d76e05673ec5203a0de02d652eff7f83229aa"
  name = "github.com/micro/go-plugins"
  packages = [
    "broker/grpc",
    "broker/grpc/proto",
    "client/grpc",
    "registry/kubernetes",
    "registry/kubernetes/client",
    "registry/kubernetes/client/api",
    "registry/kubernetes/client/watch",
    "selector/cache",
    "selector/static",
    "server/grpc",
  ]
  pruneopts = "UT"
  revision = "4fe90d56f259b77fe5d767f8dc06491b5c1f307f"
  version = "v0.17.0"

[[projects]]
  branch = "master"
  digest = "1:7243b71c52f5226ed26340e9bbffd702484c152caa2e78234f4384a8309dcafb"
  name = "github.com/micro/go-rcache"
  packages = ["."]
  pruneopts = "UT"
  revision = "a581a57b513351792b9f21fc8b95d87b1c5a95da"

[[projects]]
  branch = "master"
  digest = "1:1031bd6e4f49a411c865e30590cd093b1e0493405eebf2d1d4388ee2a847ea15"
  name = "github.com/micro/grpc-go"
  packages = [
    ".",
    "balancer",
    "balancer/base",
    "balancer/roundrobin",
    "codes",
    "connectivity",
    "credentials",
    "encoding",
    "encoding/proto",
    "internal",
    "internal/backoff",
    "internal/channelz",
    "internal/envconfig",
    "internal/grpcrand",
    "keepalive",
    "logger",
    "metadata",
    "naming",
    "peer",
    "resolver",
    "resolver/dns",
    "resolver/passthrough",
    "stats",
    "status",
    "transport",
  ]
  pruneopts = "UT"
  revision = "2c703400301b46ab89350e7539834de03073527e"

[[projects]]
  digest = "1:4ecc9eb4e64de90f1863fd4851b94f0c867b1f0f53ff0e037cd678c4b4028d0a"
  name = "github.com/micro/h2c"
  packages = ["."]
  pruneopts = "UT"
  revision = "b2f7b8ee5ff4fd7a8af036ecda297deb1c584460"
  version = "v1.0.0"

[[projects]]
  digest = "1:f4e23216c844a5d78d54a792e82aa46a1904357b0f3aa5c44cc2c667316087b3"
  name = "github.com/micro/kubernetes"
  packages = ["go/micro"]
  pruneopts = "UT"
  revision = "1b3cb85ccc7a367049117e263edc1a26a98b20b5"
  version = "v0.1.0"

[[projects]]
  branch = "master"
  digest = "1:a821cb65a246b429a68e30eb263fb6bba4fa082ea09318d3122f0b3d90dea3c4"
  name = "github.com/micro/mdns"
  packages = ["."]
  pruneopts = "UT"
  revision = "9c3770d4057a5adca108c15ca317fee54766f9f7"

[[projects]]
  branch = "master"
  digest = "1:65c7e1d0a7eb2d2062a69041059a31e65c0009f3c6cd3883d66532110025c7a3"
  name = "github.com/micro/util"
  packages = [
    "go/lib/addr",
    "go/lib/grpc",
    "go/lib/net",
    "go/lib/tls",
  ]
  pruneopts = "UT"
  revision = "2d4f591dc5383712927e372348c0885478402595"

[[projects]]
  digest = "1:702ff5d8a0196ccb0627f35996efd1081be00c8ae1719402adbffc6e0f8f59ac"
  name = "github.com/miekg/dns"
  packages = ["."]
  pruneopts = "UT"
  revision = "7586a3cbe8ccfc63f82de3ab2ceeb08c9939af72"
  version = "v1.1.1"

[[projects]]
  digest = "1:78bbb1ba5b7c3f2ed0ea1eab57bdd3859aec7e177811563edc41198a760b06af"
  name = "github.com/mitchellh/go-homedir"
  packages = ["."]
  pruneopts = "UT"
  revision = "ae18d6b8b3205b561c79e8e5f69bff09736185f4"
  version = "v1.0.0"

[[projects]]
  digest = "1:61332bb44d05257bbf0356d8400a8b30fe0b9fdc3b72b8b55661da8f0a4f39ae"
  name = "github.com/mitchellh/hashstructure"
  packages = ["."]
  pruneopts = "UT"
  revision = "a38c50148365edc8df43c1580c48fb2b3a1e9cd7"
  version = "v1.0.0"

[[projects]]
  digest = "1:53bc4cd4914cd7cd52139990d5170d6dc99067ae31c56530621b18b35fc30318"
  name = "github.com/mitchellh/mapstructure"
  packages = ["."]
  pruneopts = "UT"
  revision = "3536a929edddb9a5b34bd6861dc4a9647cb459fe"
  version = "v1.1.2"

[[projects]]
  digest = "1:33422d238f147d247752996a26574ac48dcf472976eda7f5134015f06bf16563"
  name = "github.com/modern-go/concurrent"
  packages = ["."]
  pruneopts = "UT"
  revision = "bacd9c7ef1dd9b15be4a9909b8ac7a4e313eec94"
  version = "1.0.3"

[[projects]]
  digest = "1:e32bdbdb7c377a07a9a46378290059822efdce5c8d96fe71940d87cb4f918855"
  name = "github.com/modern-go/reflect2"
  packages = ["."]
  pruneopts = "UT"
  revision = "4b7aa43c6742a2c18fdef89dd197aaae7dac7ccd"
  version = "1.0.1"

[[projects]]
  digest = "1:40e195917a951a8bf867cd05de2a46aaf1806c50cf92eebf4c16f78cd196f747"
  name = "github.com/pkg/errors"
  packages = ["."]
  pruneopts = "UT"
  revision = "645ef00459ed84a119197bfb8d8205042c6df63d"
  version = "v0.8.0"

[[projects]]
  digest = "1:0028cb19b2e4c3112225cd871870f2d9cf49b9b4276531f03438a88e94be86fe"
  name = "github.com/pmezard/go-difflib"
  packages = ["difflib"]
  pruneopts = "UT"
  revision = "792786c7400a136282c1664665ae0a8db921c6c2"
  version = "v1.0.0"

[[projects]]
  branch = "master"
  digest = "1:579c4bbcc2e16d4caf871ba91c0e2c331b07c5560c80d142d82c0de01c57fa96"
  name = "github.com/sean-/seed"
  packages = ["."]
  pruneopts = "UT"
  revision = "e2103e2c35297fb7e17febb81e49b312087a2372"

[[projects]]
  digest = "1:18752d0b95816a1b777505a97f71c7467a8445b8ffb55631a7bf779f6ba4fa83"
  name = "github.com/stretchr/testify"
  packages = ["assert"]
  pruneopts = "UT"
  revision = "f35b8ab0b5a2cef36673838d662e249dd9c94686"
  version = "v1.2.2"

[[projects]]
  branch = "master"
  digest = "1:0199120c0958f5c74a2adfb040fd1554156d39df8068e7695e6654e507d08dc5"
  name = "golang.org/x/crypto"
  packages = [
    "bcrypt",
    "blowfish",
    "ed25519",
    "ed25519/internal/edwards25519",
  ]
  pruneopts = "UT"
  revision = "505ab145d0a99da450461ae2c1a9f6cd10d1f447"

[[projects]]
  branch = "master"
  digest = "1:55a64410481eb4c38434557abf23707b7a4b2729b73761a837806fc6278876a9"
  name = "golang.org/x/net"
  packages = [
    "bpf",
    "context",
    "http/httpguts",
    "http2",
    "http2/hpack",
    "idna",
    "internal/iana",
    "internal/socket",
    "internal/timeseries",
    "ipv4",
    "ipv6",
    "trace",
  ]
  pruneopts = "UT"
  revision = "891ebc4b82d6e74f468c533b06f983c7be918a96"

[[projects]]
  branch = "master"
  digest = "1:48a949ee15f5f03524b792547822221b07f828dd26522b5e08688f25a10d14c1"
  name = "golang.org/x/sys"
  packages = ["unix"]
  pruneopts = "UT"
  revision = "4d1cda033e0619309c606fc686de3adcf599539e"

[[projects]]
  digest = "1:a2ab62866c75542dd18d2b069fec854577a20211d7c0ea6ae746072a1dccdd18"
  name = "golang.org/x/text"
  packages = [
    "collate",
    "collate/build",
    "internal/colltab",
    "internal/gen",
    "internal/tag",
    "internal/triegen",
    "internal/ucd",
    "language",
    "secure/bidirule",
    "transform",
    "unicode/bidi",
    "unicode/cldr",
    "unicode/norm",
    "unicode/rangetable",
  ]
  pruneopts = "UT"
  revision = "f21a4dfb5e38f5895301dc265a8def02365cc3d0"
  version = "v0.3.0"

[[projects]]
  branch = "master"
  digest = "1:077c1c599507b3b3e9156d17d36e1e61928ee9b53a5b420f10f28ebd4a0b275c"
  name = "google.golang.org/genproto"
  packages = ["googleapis/rpc/status"]
  pruneopts = "UT"
  revision = "bd91e49a0898e27abb88c339b432fa53d7497ac0"

[[projects]]
  digest = "1:9edd250a3c46675d0679d87540b30c9ed253b19bd1fd1af08f4f5fb3c79fc487"
  name = "google.golang.org/grpc"
  packages = [
    ".",
    "balancer",
    "balancer/base",
    "balancer/roundrobin",
    "binarylog/grpc_binarylog_v1",
    "codes",
    "connectivity",
    "credentials",
    "credentials/internal",
    "encoding",
    "encoding/proto",
    "grpclog",
    "internal",
    "internal/backoff",
    "internal/binarylog",
    "internal/channelz",
    "internal/envconfig",
    "internal/grpcrand",
    "internal/grpcsync",
    "internal/syscall",
    "internal/transport",
    "keepalive",
    "metadata",
    "naming",
    "peer",
    "resolver",
    "resolver/dns",
    "resolver/passthrough",
    "stats",
    "status",
    "tap",
  ]
  pruneopts = "UT"
  revision = "df014850f6dee74ba2fc94874043a9f3f75fbfd8"
  version = "v1.17.0"

[solve-meta]
  analyzer-name = "dep"
  analyzer-version = 1
  input-imports = [
    "github.com/asciiu/oldiez/common/constants/response",
    "github.com/asciiu/oldiez/common/db",
    "github.com/asciiu/oldiez/user-service/db/sql",
    "github.com/asciiu/oldiez/user-service/models",
    "github.com/golang/protobuf/proto",
    "github.com/google/uuid",
    "github.com/lib/pq",
    "github.com/micro/go-micro",
    "github.com/micro/go-micro/client",
    "github.com/micro/go-micro/server",
    "github.com/micro/kubernetes/go/micro",
    "github.com/stretchr/testify/assert",
  ]
  solver-name = "gps-cdcl"
  solver-version = 1
