{
    "version": 3,
    "terraform_version": "0.11.7",
    "serial": 5,
    "lineage": "e10517c8-6c61-9848-500d-4e73c6ecf6b6",
    "modules": [
        {
            "path": [
                "root"
            ],
            "outputs": {},
            "resources": {
                "google_compute_firewall.ssh": {
                    "type": "google_compute_firewall",
                    "depends_on": [
                        "google_compute_network.appa-network"
                    ],
                    "primary": {
                        "id": "appa-platform-ssh",
                        "attributes": {
                            "allow.#": "2",
                            "allow.1367131964.ports.#": "0",
                            "allow.1367131964.protocol": "icmp",
                            "allow.827249178.ports.#": "3",
                            "allow.827249178.ports.0": "22",
                            "allow.827249178.ports.1": "80",
                            "allow.827249178.ports.2": "443",
                            "allow.827249178.protocol": "tcp",
                            "deny.#": "0",
                            "description": "",
                            "destination_ranges.#": "0",
                            "direction": "INGRESS",
                            "id": "appa-platform-ssh",
                            "name": "appa-platform-ssh",
                            "network": "https://www.googleapis.com/compute/v1/projects/appa-204904/global/networks/appa-platform",
                            "priority": "1000",
                            "project": "appa-204904",
                            "self_link": "https://www.googleapis.com/compute/v1/projects/appa-204904/global/firewalls/appa-platform-ssh",
                            "source_ranges.#": "1",
                            "source_ranges.1080289494": "0.0.0.0/0",
                            "source_service_accounts.#": "0",
                            "source_tags.#": "0",
                            "target_service_accounts.#": "0",
                            "target_tags.#": "0"
                        },
                        "meta": {
                            "schema_version": "1"
                        },
                        "tainted": false
                    },
                    "deposed": [],
                    "provider": "provider.google"
                },
                "google_compute_network.appa-network": {
                    "type": "google_compute_network",
                    "depends_on": [],
                    "primary": {
                        "id": "appa-platform",
                        "attributes": {
                            "auto_create_subnetworks": "true",
                            "description": "",
                            "gateway_ipv4": "",
                            "id": "appa-platform",
                            "ipv4_range": "",
                            "name": "appa-platform",
                            "project": "appa-204904",
                            "routing_mode": "REGIONAL",
                            "self_link": "https://www.googleapis.com/compute/v1/projects/appa-204904/global/networks/appa-platform"
                        },
                        "meta": {},
                        "tainted": false
                    },
                    "deposed": [],
                    "provider": "provider.google"
                },
                "google_compute_subnetwork.appa-subnet": {
                    "type": "google_compute_subnetwork",
                    "depends_on": [
                        "google_compute_network.appa-network"
                    ],
                    "primary": {
                        "id": "us-west1/dev-appa-platform-us-west1",
                        "attributes": {
                            "description": "",
                            "gateway_address": "10.1.2.1",
                            "id": "us-west1/dev-appa-platform-us-west1",
                            "ip_cidr_range": "10.1.2.0/24",
                            "name": "dev-appa-platform-us-west1",
                            "network": "https://www.googleapis.com/compute/v1/projects/appa-204904/global/networks/appa-platform",
                            "private_ip_google_access": "false",
                            "project": "appa-204904",
                            "region": "us-west1",
                            "secondary_ip_range.#": "0",
                            "self_link": "https://www.googleapis.com/compute/v1/projects/appa-204904/regions/us-west1/subnetworks/dev-appa-platform-us-west1"
                        },
                        "meta": {
                            "e2bfb730-ecaa-11e6-8f88-34363bc7c4c0": {
                                "create": 360000000000,
                                "delete": 360000000000,
                                "update": 360000000000
                            }
                        },
                        "tainted": false
                    },
                    "deposed": [],
                    "provider": "provider.google"
                },
                "google_container_cluster.appa-cluster": {
                    "type": "google_container_cluster",
                    "depends_on": [
                        "google_compute_network.appa-network",
                        "google_compute_subnetwork.appa-subnet"
                    ],
                    "primary": {
                        "id": "appa-cluster",
                        "attributes": {
                            "additional_zones.#": "0",
                            "addons_config.#": "1",
                            "addons_config.0.horizontal_pod_autoscaling.#": "0",
                            "addons_config.0.http_load_balancing.#": "0",
                            "addons_config.0.kubernetes_dashboard.#": "0",
                            "addons_config.0.network_policy_config.#": "1",
                            "addons_config.0.network_policy_config.0.disabled": "true",
                            "cluster_ipv4_cidr": "10.52.0.0/14",
                            "description": "",
                            "enable_kubernetes_alpha": "false",
                            "enable_legacy_abac": "false",
                            "endpoint": "104.196.233.248",
                            "id": "appa-cluster",
                            "initial_node_count": "1",
                            "instance_group_urls.#": "1",
                            "instance_group_urls.0": "https://www.googleapis.com/compute/v1/projects/appa-204904/zones/us-west1-a/instanceGroups/gke-appa-cluster-default-pool-448c45e0-grp",
                            "logging_service": "logging.googleapis.com",
                            "master_auth.#": "1",
                            "master_auth.0.client_certificate": "LS0tLS1CRUdJTiBDRVJUSUZJQ0FURS0tLS0tCk1JSUMyekNDQWNPZ0F3SUJBZ0lSQUxDS2FjZEZOb1lWa1kwSEUvdHBrN2t3RFFZSktvWklodmNOQVFFTEJRQXcKTHpFdE1Dc0dBMVVFQXhNa05URTROalpsWlRBdE4ySTJNUzAwWkRObExUbG1PV0l0WldJME4yWTJOems1TXpkaApNQjRYRFRFNE1EVXlNekF6TXpRMU4xb1hEVEl6TURVeU1qQXpNelExTjFvd0VURVBNQTBHQTFVRUF4TUdZMnhwClpXNTBNSUlCSWpBTkJna3Foa2lHOXcwQkFRRUZBQU9DQVE4QU1JSUJDZ0tDQVFFQWpjbFV3ajZ2REg5YUViSEEKaG11UHljTUczL0dzYk14ME55RmNRb0hKQms5NnRucXNUWDM2aHpBdVNxSE9IeUlyYlFTK0tUbnpjekpwS0RTZgpPUnorNDkvdjNWVHZKdVg2WWNiaXdhaEk1cjRCZXpVQ2ppWE9pYXNrL1RiWmluWVJVUzRLU1ZZeFpIalNwaGZZCjJwOW1oWWU1R0I4YXVsd2IvenQ2cm9uS3NkWmVpRzE0RjJjeEJ1enhsTHRQb0FnOWMyYmN6dzJFSmIyUnJQVm0KeFNkM3ovZXNZelBRWTEwWGRyUkR1aE02bEdmZnA5L1dWdldPc2VzVGU0R0lrTkY0L25aWElVTTFUYllmVjBtMQpUendOR1k0MjBvaTk2a3FRcHNHU2RXVG14bTZCZmliTWF2MkFRdUQ5MTM5U0lZNUhJd29Vb3RuaVNNZjFxalVCCnNBV3V3UUlEQVFBQm94QXdEakFNQmdOVkhSTUJBZjhFQWpBQU1BMEdDU3FHU0liM0RRRUJDd1VBQTRJQkFRQW4KTkc1N3VWNXlMcnlpMlFXTzVYK1BnVCs0c2lnNlovd0Vud2toQzRvOHdUNkJpb3VUNGVRMzcxWkhEc3gwTExPSwpGRTBDSm1mTDZjMVgzbmR4SCt5eWxYQUljbnlHOXY0TlJzdHNaUFVnWnpJZlJDZ1YxbDFTT09PTWt3V3N5ZEZGCnlsaitlRmFmWDI0c3JnUFlwakpBY0RjWDlTQkxjU3VyekN2d3JjTzQzYU9UM01tK1kyaVB1dnRHT3pxcDVJYmUKYmFvSWtWUk01dWIzSXVYRU1SeXRtTzNWRVNKenl5R0crMVFXOUlZb1FQVWduZXA3d0ZEb284aDliOFpTQStmVwp6bGpuS3ozQ3kxMWw4Smh2Rjc4ZjVqaU9HNGs5TEtGZXhZeGFXZWhqRFNNd0JIcDlBV21ZRGJiMS9OWVdXdlhXCk1OUXBRbG9lTTVtZytiNWlINU9HCi0tLS0tRU5EIENFUlRJRklDQVRFLS0tLS0K",
                            "master_auth.0.client_certificate_config.#": "0",
                            "master_auth.0.client_key": "LS0tLS1CRUdJTiBSU0EgUFJJVkFURSBLRVktLS0tLQpNSUlFb2dJQkFBS0NBUUVBamNsVXdqNnZESDlhRWJIQWhtdVB5Y01HMy9Hc2JNeDBOeUZjUW9ISkJrOTZ0bnFzClRYMzZoekF1U3FIT0h5SXJiUVMrS1RuemN6SnBLRFNmT1J6KzQ5L3YzVlR2SnVYNlljYml3YWhJNXI0QmV6VUMKamlYT2lhc2svVGJaaW5ZUlVTNEtTVll4WkhqU3BoZlkycDltaFllNUdCOGF1bHdiL3p0NnJvbktzZFplaUcxNApGMmN4QnV6eGxMdFBvQWc5YzJiY3p3MkVKYjJSclBWbXhTZDN6L2VzWXpQUVkxMFhkclJEdWhNNmxHZmZwOS9XClZ2V09zZXNUZTRHSWtORjQvblpYSVVNMVRiWWZWMG0xVHp3TkdZNDIwb2k5NmtxUXBzR1NkV1RteG02QmZpYk0KYXYyQVF1RDkxMzlTSVk1SEl3b1VvdG5pU01mMXFqVUJzQVd1d1FJREFRQUJBb0lCQUFQdUxMR3hSSStOYTE1aAo4eFJaZ0l3RWpRa0hHcU00bnR0Rk5jT09DWTArOEYwdnI1MTZ6eEpHdGU1MjhqU0IrKythMTBMT2pYd2l6YnJjCm9aSWhzVmhPV3YzT1VYaitoMHlFL2tCd0g5YmpTeE1pcEMwSXFTM3B0Rk0vY29sQWJsNExHZzU2eTVDaXo1NWwKSmNDNENqZ2hvVHphVU9GUllCWjQ5dW9iY3Z3RXdCQ3VBZW82RHdFamd5U1R4Nklta29McFBJd0dkL0JSUC9SUApBWlg2c3FERUFXQXdlRU1vL2JtbWQ3eUxmblVFS08yTXdNUnFSbW90bm52VUZod2tOSStBaGZkb3BJNlVYUE4zClRmL0c5dkF1ME1WQzR3YURvaEJJdlk5TXU4MTNxV2VBdm9FenlmME8wMDBSNkRka0JERitOZ283YnpmOTUxNlYKR1pYQmlPa0NnWUVBdzdHR2dhMG5kSFVwcFI5dzBweVE5MVpycndETEJjbUtkVHFjTHY3UzFDY3ArUXRFVGp6dQpMMGQ5VEpBd2NLa1labFhJdVEzQ0MweXd2bUhJOWE4UWQ1QlphZUo0ZlQxMzhiRlZrZGIvdTZodDhkQnNMLzhXClByMkdHUWgvelAzL2ZidnpZUWFveTlSZXVodmRXTFMwWkJlbWQxVzlUd0pTdDMyREtOU0lyMWtDZ1lFQXVYc0YKa3hjaGhONWs5VUZBYmlVb0VhcUdIdEIxbDRDZDlNenFPTUhlbGNYVEpaMTJtVjEwTUphcVgxK3V3WUtHTlpaMApoUEljTzhuSjhybnN1SDlROEVlak1Xd09rWEh5NC8zb0pHdkpsV2dHV3BHczBPUDBUZm9sYWZSUnNLWjE4d1Q2CnFNd0ZHNzVNWW9DUThxd1ZPckthYUdiY2htUllDTktwSlVKUXRha0NnWUJFei9ieFFIY0FQM2F1WnBqZ3BrZGYKZ2RjSnlhaWFWMTFGalo5Lzh3RWxzc1BTbkFDZjFsTVc4dmQvWmJCeTNUTUVRU1A4MW5hbVRJaFYyY0sxaWFLcgp1R21JanljNU90VWpldTBSQkY0V21jcFhYcWU4Vk9GNG5HSThDVDRQVWoxMTlCSkh5dlN0Ly9aelVQc0xoemRyCmZ0bDlXdnZmZlh5aW94THMxNWRjdVFLQmdHV093cUtqUzZzZ3lrNnZoOFBIZklVUHhaZ2h0QUZjWHlDbkFxaEoKSHNNTEttMnlKam9iUFg5TlA4UXc4OUxvME91T2tnWXBPdVJSdk0yMmw3TDlveWV0VWVIQnRNaFdpQlBsOXJIYQpndW5YcDRMM3VKUTMvSkNsb3M2OUErMmhkM3UxQWpwaVczbXhYTW1pYzdzc0ZnT3B2M25pdUdTdGxMWmdBbFZ3ClZoamhBb0dBYTBKTWRqTzM1ZDFtdHl4enlLS3NQbVNGelNnRmpTV3A2WURpd1RDKzdvbGdQeVZaL09tanREU1AKUmhFa3hjNHRFeUQyd0FsSlNrUnE5ZlFSYUo3QXVDV0JmOCtEb1NjcGVGeUZLbmhybkZKZiszekxCUWdkWTAvTQpaKzVLaGp5bkpsRHZKTEZLd25nTXcvQ2pPRTM5ekpHaERMcnY3d2c1M1pRR3BWbFRoOEE9Ci0tLS0tRU5EIFJTQSBQUklWQVRFIEtFWS0tLS0tCg==",
                            "master_auth.0.cluster_ca_certificate": "LS0tLS1CRUdJTiBDRVJUSUZJQ0FURS0tLS0tCk1JSURERENDQWZTZ0F3SUJBZ0lSQU9wUlllZ0pXVThjMFRMN2F1a29oY2N3RFFZSktvWklodmNOQVFFTEJRQXcKTHpFdE1Dc0dBMVVFQXhNa05URTROalpsWlRBdE4ySTJNUzAwWkRObExUbG1PV0l0WldJME4yWTJOems1TXpkaApNQjRYRFRFNE1EVXlNekF5TXpRMU5sb1hEVEl6TURVeU1qQXpNelExTmxvd0x6RXRNQ3NHQTFVRUF4TWtOVEU0Ck5qWmxaVEF0TjJJMk1TMDBaRE5sTFRsbU9XSXRaV0kwTjJZMk56azVNemRoTUlJQklqQU5CZ2txaGtpRzl3MEIKQVFFRkFBT0NBUThBTUlJQkNnS0NBUUVBOTZaeUgwUGtuTVg2cFk4Ump0ZCtsbnZiVjJzeTVEMGNHcmpSeUdzQQpGYUZYcnVFQnFqb2EvaWRxNkxXK1hqRjVQVzhkUDdiYnJwM0RKREpXanFTSFlOV2duZnVHT05pNE14eUEyeUZuCmJGakVMVEpxS0xSbnRnVWV3QjBXM0tVMjR2VlNrcmw1WXhzRk5XUGxEeEhVNmgzaTZrbTR4TXBnK05wN2c5SkUKcTJKS0YvK3JzUlRsNGg4Y25ua1M3STJIVG05Q1RQUU5Ja0RIaUJ0UmNyNm1OMTRlV3lWL25rL1lVT1R1QWR0bwpjcjlQVkRDWDZ5SUQ4WkpFYk41cHY1azVwMmV3YUkzczIreHNqTERWdjFNbDZTWGRFcGhKWHRwQURrc1R4RkNIClFDRXNQUytXdmdGYlhOaTVUVFZkNk9UdGZORVFLWXB5dzdxVGlHSTQ5UE1FT1FJREFRQUJveU13SVRBT0JnTlYKSFE4QkFmOEVCQU1DQWdRd0R3WURWUjBUQVFIL0JBVXdBd0VCL3pBTkJna3Foa2lHOXcwQkFRc0ZBQU9DQVFFQQpiRnIydkhCREcyTmQxY0JEY04zams2SE0wODBxaEUzeXpHVmVFNFFFTWdBdlFJNFprUndtYllOWWFqMlpSUmc5CmFQeG1rOTEvamwyTnVHYmlTWHBXUnlQWTZrVmo1MmExWDZML3g2N2ljbGZJUWxYZ2VqemE5Z1VnZzAzaVlzeVQKU0tNU0c0T0x4amxOcDFiZ1RjcnU4eUQrQkdFaTI4eGVMcHc3am5vOEVFZUVMait4cW1FSUMvMCtnK2g2c3BCZwo4ZzZ3NDR2N0wxS2VEK1lvaVlUQzREanFTemVCc0R5aHpBanhCdVZPVUczZ3U2S3RkckZoT1UzbFZwTitRWE9QCnM5YTZDZG5KMCtGMDdUaGc2RjVjT1JWY0NXZkxJcFArTWlBdHdQMTFYeUt5M1NRN2N4V1VPSGl5L1lPcFZtQjUKZVFNU3ZQUVRHR1I5V2QvRUQySHFJdz09Ci0tLS0tRU5EIENFUlRJRklDQVRFLS0tLS0K",
                            "master_auth.0.password": "kubernetes cluster for project appa",
                            "master_auth.0.username": "flowy",
                            "master_ipv4_cidr_block": "",
                            "master_version": "1.8.10-gke.0",
                            "monitoring_service": "monitoring.googleapis.com",
                            "name": "appa-cluster",
                            "network": "appa-platform",
                            "network_policy.#": "1",
                            "network_policy.0.enabled": "false",
                            "network_policy.0.provider": "PROVIDER_UNSPECIFIED",
                            "node_config.#": "1",
                            "node_config.0.disk_size_gb": "100",
                            "node_config.0.guest_accelerator.#": "0",
                            "node_config.0.image_type": "COS",
                            "node_config.0.labels.%": "0",
                            "node_config.0.local_ssd_count": "0",
                            "node_config.0.machine_type": "n1-standard-1",
                            "node_config.0.metadata.%": "0",
                            "node_config.0.min_cpu_platform": "",
                            "node_config.0.oauth_scopes.#": "6",
                            "node_config.0.oauth_scopes.1277378754": "https://www.googleapis.com/auth/monitoring",
                            "node_config.0.oauth_scopes.1693978638": "https://www.googleapis.com/auth/devstorage.full_control",
                            "node_config.0.oauth_scopes.172152165": "https://www.googleapis.com/auth/logging.write",
                            "node_config.0.oauth_scopes.1733087937": "https://www.googleapis.com/auth/cloud-platform",
                            "node_config.0.oauth_scopes.299962681": "https://www.googleapis.com/auth/compute",
                            "node_config.0.oauth_scopes.4159840982": "https://www.googleapis.com/auth/projecthosting",
                            "node_config.0.preemptible": "false",
                            "node_config.0.service_account": "default",
                            "node_config.0.tags.#": "0",
                            "node_config.0.taint.#": "0",
                            "node_config.0.workload_metadata_config.#": "0",
                            "node_pool.#": "1",
                            "node_pool.0.autoscaling.#": "0",
                            "node_pool.0.initial_node_count": "1",
                            "node_pool.0.instance_group_urls.#": "1",
                            "node_pool.0.instance_group_urls.0": "https://www.googleapis.com/compute/v1/projects/appa-204904/zones/us-west1-a/instanceGroupManagers/gke-appa-cluster-default-pool-448c45e0-grp",
                            "node_pool.0.management.#": "1",
                            "node_pool.0.management.0.auto_repair": "false",
                            "node_pool.0.management.0.auto_upgrade": "false",
                            "node_pool.0.name": "default-pool",
                            "node_pool.0.name_prefix": "",
                            "node_pool.0.node_config.#": "1",
                            "node_pool.0.node_config.0.disk_size_gb": "100",
                            "node_pool.0.node_config.0.guest_accelerator.#": "0",
                            "node_pool.0.node_config.0.image_type": "COS",
                            "node_pool.0.node_config.0.labels.%": "0",
                            "node_pool.0.node_config.0.local_ssd_count": "0",
                            "node_pool.0.node_config.0.machine_type": "n1-standard-1",
                            "node_pool.0.node_config.0.metadata.%": "0",
                            "node_pool.0.node_config.0.min_cpu_platform": "",
                            "node_pool.0.node_config.0.oauth_scopes.#": "6",
                            "node_pool.0.node_config.0.oauth_scopes.1277378754": "https://www.googleapis.com/auth/monitoring",
                            "node_pool.0.node_config.0.oauth_scopes.1693978638": "https://www.googleapis.com/auth/devstorage.full_control",
                            "node_pool.0.node_config.0.oauth_scopes.172152165": "https://www.googleapis.com/auth/logging.write",
                            "node_pool.0.node_config.0.oauth_scopes.1733087937": "https://www.googleapis.com/auth/cloud-platform",
                            "node_pool.0.node_config.0.oauth_scopes.299962681": "https://www.googleapis.com/auth/compute",
                            "node_pool.0.node_config.0.oauth_scopes.4159840982": "https://www.googleapis.com/auth/projecthosting",
                            "node_pool.0.node_config.0.preemptible": "false",
                            "node_pool.0.node_config.0.service_account": "default",
                            "node_pool.0.node_config.0.tags.#": "0",
                            "node_pool.0.node_config.0.taint.#": "0",
                            "node_pool.0.node_config.0.workload_metadata_config.#": "0",
                            "node_pool.0.node_count": "1",
                            "node_pool.0.version": "1.8.10-gke.0",
                            "node_version": "1.8.10-gke.0",
                            "private_cluster": "false",
                            "project": "appa-204904",
                            "subnetwork": "dev-appa-platform-us-west1",
                            "zone": "us-west1-a"
                        },
                        "meta": {
                            "e2bfb730-ecaa-11e6-8f88-34363bc7c4c0": {
                                "create": 1800000000000,
                                "delete": 600000000000,
                                "update": 600000000000
                            },
                            "schema_version": "1"
                        },
                        "tainted": false
                    },
                    "deposed": [],
                    "provider": "provider.google"
                },
                "google_dns_managed_zone.appa-dns": {
                    "type": "google_dns_managed_zone",
                    "depends_on": [],
                    "primary": {
                        "id": "appa-stage",
                        "attributes": {
                            "description": "stage.hooli.com DNS zone",
                            "dns_name": "stage.appa.com.",
                            "id": "appa-stage",
                            "name": "appa-stage",
                            "name_servers.#": "4",
                            "name_servers.0": "ns-cloud-c1.googledomains.com.",
                            "name_servers.1": "ns-cloud-c2.googledomains.com.",
                            "name_servers.2": "ns-cloud-c3.googledomains.com.",
                            "name_servers.3": "ns-cloud-c4.googledomains.com.",
                            "project": "appa-204904"
                        },
                        "meta": {},
                        "tainted": false
                    },
                    "deposed": [],
                    "provider": "provider.google"
                },
                "google_dns_record_set.dev-k8s-endpoint-appa": {
                    "type": "google_dns_record_set",
                    "depends_on": [
                        "google_container_cluster.appa-cluster",
                        "google_dns_managed_zone.appa-dns"
                    ],
                    "primary": {
                        "id": "appa-stage/k8s.dev.stage.appa.com./A",
                        "attributes": {
                            "id": "appa-stage/k8s.dev.stage.appa.com./A",
                            "managed_zone": "appa-stage",
                            "name": "k8s.dev.stage.appa.com.",
                            "project": "appa-204904",
                            "rrdatas.#": "1",
                            "rrdatas.0": "104.196.233.248",
                            "ttl": "300",
                            "type": "A"
                        },
                        "meta": {},
                        "tainted": false
                    },
                    "deposed": [],
                    "provider": "provider.google"
                }
            },
            "depends_on": []
        }
    ]
}
