{
    "version": 3,
    "terraform_version": "0.11.7",
    "serial": 5,
    "lineage": "e10517c8-6c61-9848-500d-4e73c6ecf6b6",
    "modules": [
        {
            "path": [
                "root"
            ],
            "outputs": {},
            "resources": {
                "google_compute_firewall.ssh": {
                    "type": "google_compute_firewall",
                    "depends_on": [
                        "google_compute_network.oldiez-network"
                    ],
                    "primary": {
                        "id": "oldiez-platform-ssh",
                        "attributes": {
                            "allow.#": "2",
                            "allow.1367131964.ports.#": "0",
                            "allow.1367131964.protocol": "icmp",
                            "allow.827249178.ports.#": "3",
                            "allow.827249178.ports.0": "22",
                            "allow.827249178.ports.1": "80",
                            "allow.827249178.ports.2": "443",
                            "allow.827249178.protocol": "tcp",
                            "deny.#": "0",
                            "description": "",
                            "destination_ranges.#": "0",
                            "direction": "INGRESS",
                            "id": "oldiez-platform-ssh",
                            "name": "oldiez-platform-ssh",
                            "network": "https://www.googleapis.com/compute/v1/projects/oldiez-204904/global/networks/oldiez-platform",
                            "priority": "1000",
                            "project": "oldiez-204904",
                            "self_link": "https://www.googleapis.com/compute/v1/projects/oldiez-204904/global/firewalls/oldiez-platform-ssh",
                            "source_ranges.#": "1",
                            "source_ranges.1080289494": "0.0.0.0/0",
                            "source_service_accounts.#": "0",
                            "source_tags.#": "0",
                            "target_service_accounts.#": "0",
                            "target_tags.#": "0"
                        },
                        "meta": {
                            "schema_version": "1"
                        },
                        "tainted": false
                    },
                    "deposed": [],
                    "provider": "provider.google"
                },
                "google_compute_network.oldiez-network": {
                    "type": "google_compute_network",
                    "depends_on": [],
                    "primary": {
                        "id": "oldiez-platform",
                        "attributes": {
                            "auto_create_subnetworks": "true",
                            "description": "",
                            "gateway_ipv4": "",
                            "id": "oldiez-platform",
                            "ipv4_range": "",
                            "name": "oldiez-platform",
                            "project": "oldiez-204904",
                            "routing_mode": "REGIONAL",
                            "self_link": "https://www.googleapis.com/compute/v1/projects/oldiez-204904/global/networks/oldiez-platform"
                        },
                        "meta": {},
                        "tainted": false
                    },
                    "deposed": [],
                    "provider": "provider.google"
                },
                "google_compute_subnetwork.oldiez-subnet": {
                    "type": "google_compute_subnetwork",
                    "depends_on": [
                        "google_compute_network.oldiez-network"
                    ],
                    "primary": {
                        "id": "us-west1/dev-oldiez-platform-us-west1",
                        "attributes": {
                            "description": "",
                            "gateway_address": "10.1.2.1",
                            "id": "us-west1/dev-oldiez-platform-us-west1",
                            "ip_cidr_range": "10.1.2.0/24",
                            "name": "dev-oldiez-platform-us-west1",
                            "network": "https://www.googleapis.com/compute/v1/projects/oldiez-204904/global/networks/oldiez-platform",
                            "private_ip_google_access": "false",
                            "project": "oldiez-204904",
                            "region": "us-west1",
                            "secondary_ip_range.#": "0",
                            "self_link": "https://www.googleapis.com/compute/v1/projects/oldiez-204904/regions/us-west1/subnetworks/dev-oldiez-platform-us-west1"
                        },
                        "meta": {
                            "e2bfb730-ecaa-11e6-8f88-34363bc7c4c0": {
                                "create": 360000000000,
                                "delete": 360000000000,
                                "update": 360000000000
                            }
                        },
                        "tainted": false
                    },
                    "deposed": [],
                    "provider": "provider.google"
                },
                "google_container_cluster.oldiez-cluster": {
                    "type": "google_container_cluster",
                    "depends_on": [
                        "google_compute_network.oldiez-network",
                        "google_compute_subnetwork.oldiez-subnet"
                    ],
                    "primary": {
                        "id": "oldiez-cluster",
                        "attributes": {
                            "additional_zones.#": "0",
                            "addons_config.#": "1",
                            "addons_config.0.horizontal_pod_autoscaling.#": "0",
                            "addons_config.0.http_load_balancing.#": "0",
                            "addons_config.0.kubernetes_dashboard.#": "0",
                            "addons_config.0.network_policy_config.#": "1",
                            "addons_config.0.network_policy_config.0.disabled": "true",
                            "cluster_ipv4_cidr": "10.52.0.0/14",
                            "description": "",
                            "enable_kubernetes_alpha": "false",
                            "enable_legacy_abac": "false",
                            "endpoint": "35.230.103.208",
                            "id": "oldiez-cluster",
                            "initial_node_count": "1",
                            "instance_group_urls.#": "1",
                            "instance_group_urls.0": "https://www.googleapis.com/compute/v1/projects/oldiez-204904/zones/us-west1-a/instanceGroups/gke-oldiez-cluster-default-pool-19d91cef-grp",
                            "logging_service": "logging.googleapis.com",
                            "master_auth.#": "1",
                            "master_auth.0.client_certificate": "LS0tLS1CRUdJTiBDRVJUSUZJQ0FURS0tLS0tCk1JSUMyakNDQWNLZ0F3SUJBZ0lRVUd6Q2pQd21tNDByNDZuSWdiZzYzakFOQmdrcWhraUc5dzBCQVFzRkFEQXYKTVMwd0t3WURWUVFERXlSa01HTTJOVGsxTVMwek4yWTBMVFJsWmpRdFlqVmhaaTB3TUdJd01EZzVOMk0zTVdZdwpIaGNOTVRnd05USTBNVGd6TmpBd1doY05Nak13TlRJek1UZ3pOakF3V2pBUk1ROHdEUVlEVlFRREV3WmpiR2xsCmJuUXdnZ0VpTUEwR0NTcUdTSWIzRFFFQkFRVUFBNElCRHdBd2dnRUtBb0lCQVFEZ0dMZFJJdkpEd1ovY2dRb3cKUHp2Zjl5YUxkTmtRVG5NdVk0QWMxaWdkU3ZwbzNtbDhVdC90Tmp4Y1lwL254Z3ZRSFAzVHZrcnllcDZnYUxUVQptWkJVdUdpY2ViMTNNSlNCdjVBWTRPSXdmMkY4YjYyenZhSmRITmVpZlovMUpDWnB2UnBjTkpxL3BGMElPVFNFCjJWNGlhVTZmQVk1ZWF4ZDkzS2JoT21xMFNuT3pobGJlSTZnK0QvVFBRYWwvRzR6V0V4RDZXM3hCelZyMk1ZSFIKcE1ZMkJBY3JpN3pzQWJYalRVSVM5ZDVmUGhTdXdFRHpSTTBrNW1VRTduV2JOQTFMZDlveEJXZE1QN0IzZzk0dwp2UHorZW80NVlNZGdBTDVwUzl5YVNISG9xT2Yrc0lMMjhaTVhBTHJDNVlNNzJhVHNUVCtYZDNtU1J2eFFabkNZCnM1cTVBZ01CQUFHakVEQU9NQXdHQTFVZEV3RUIvd1FDTUFBd0RRWUpLb1pJaHZjTkFRRUxCUUFEZ2dFQkFBUWYKRG9uSjZMdEFxWk9XVGZ5aEdwb1dOUE1BT09yaWFJZUxkNGxsVkZjYk0zR25yS0pEQVFGTWRpaDBZRUE4ZEc5TwpvSWlvR1NUbmdmbmI3L1RnS0swak1IRWpsSExXdlJpdjZFQVRZc2VVZ1hmYnVGMk1Gb1NGdDJqTFBESDI2MkhtClB1N0kwSmFQdkE4bXJRbzZZU3gwajVKT1RRZW5ibGMxYWtLUzA3QWxpS0Y4dHFrRkRlT2Z2QjVtWXNuT3NuYW8KNXpyei9JdkIvTU9aMFdCeElVQnE4V25uZ1BDZ1IwYjFwbittNzQyQmxHU1FqOWNZSFd2RThlRDF5REoyeHAvUQpDSEovRUpWRU5RSjJhek9sM25DR0JmTFZzWWFRZlMzckVOVm5jR0svTEVmcWlKR3g3bEQ4M1NWZ0xQZU9mQmY2Ckgwc3lodDYzdEVIcXdFUU90WTQ9Ci0tLS0tRU5EIENFUlRJRklDQVRFLS0tLS0K",
                            "master_auth.0.client_certificate_config.#": "0",
                            "master_auth.0.client_key": "LS0tLS1CRUdJTiBSU0EgUFJJVkFURSBLRVktLS0tLQpNSUlFb2dJQkFBS0NBUUVBNEJpM1VTTHlROEdmM0lFS01EODczL2NtaTNUWkVFNXpMbU9BSE5Zb0hVcjZhTjVwCmZGTGY3VFk4WEdLZjU4WUwwQno5MDc1SzhucWVvR2kwMUptUVZMaG9uSG05ZHpDVWdiK1FHT0RpTUg5aGZHK3QKczcyaVhSelhvbjJmOVNRbWFiMGFYRFNhdjZSZENEazBoTmxlSW1sT253R09YbXNYZmR5bTRUcHF0RXB6czRaVwozaU9vUGcvMHowR3BmeHVNMWhNUStsdDhRYzFhOWpHQjBhVEdOZ1FISzR1ODdBRzE0MDFDRXZYZVh6NFVyc0JBCjgwVE5KT1psQk81MW16UU5TM2ZhTVFWblREK3dkNFBlTUx6OC9ucU9PV0RIWUFDK2FVdmNta2h4Nktqbi9yQ0MKOXZHVEZ3QzZ3dVdETzltazdFMC9sM2Q1a2tiOFVHWndtTE9hdVFJREFRQUJBb0lCQUJUNnkySzVzbE9jazNKSgoxR0hhOGFpUWsxZTMrMEJYRDlwMmJ6NkQ0Q0tKNi9LWWEraTdPNEtTTXNsMVpFSUhIUUVCVGRRZWV4YkRXd2xxCmRBOTVSdlZmaEUrdDZBcDZEbFV0VVhpNnlRSkFVcWliTGZoblZ3Vi9sMEo3bjFlTWFGbzYzWFpuYUZ0cnNGZisKUHdmMjc2U3FGalcxcUJYMzBhMnpWQjQrNFZGNmdBclNxUDIzVVFjb1pJWXVkd2tuMGxROStjVWE5OU45R1JHawpMb1BMNXAyeVNDRjFYZzhOT2l1dkJGd2JIYU1QcnZhdk1xRjBiQThHdVFNbTgyWmxPOXFpRXR2KytRTkpJUEF0CjZ2V0hTREROZy9ULzB3c2w5YXRnMVFxcnp3N0dKWHlmMmg0d0FTY0h1WXRKR3NvRTRjd0xMb1EyZEl2bXNvZHkKWHhqRHNGa0NnWUVBODdRR1MzdElYQjY5bDhsbmRxbFFqZjMvd3V6WDVLYnoxU0tMV2FrRnhBbCt3aVpNMm5hbgpoRnBva1FKcXBDZVB3amg0SXpmR0lxbTlSNnZCaGtpa3VEb1dwZHZkUEFVdmw0WGJIVzZOZU1vSi9JSzRuelNBCnkwTGtBN0FNRHVKdWxFSkZYOUcvN2dwS0NoQUNZYjJnVk92OU95UU9GU2ZCc1Y3VWtQQmFxVDBDZ1lFQTYyZHQKWEJZWGZ0YmtPV2h5a1NYbzVFTlFzNnRPUlhPTWFlYzFFOGIzL1VuQXRwV1NCUTBpTzFmOENONVVYdDF3UnVPWAp4cFdyWDRFb1BLQkJLMFFZeUd1blIrWUNtSXNCVVZKWE1tV3NMZ1VDNkJwdDB3MmxWNnU4WW1BM3hFZktDUzhnCkpnQnpVMW9UWmhNRGx0dk45cHdjd2FlTUtLR0xnemxNVnBFQzl5MENnWUFwR1BibXk4ZU1JWEwvb2V0Y3kzalcKT1R0a2QrU0FudGNIM21kNW0xTnBsK0JVaFhqNGJvSVpnOVdXZnIzVktRYkpUaFNVZTlkaUNSWHVmRHlLbEwyUwpnOWxGNXlvTDhTUHhmWlZTQlU2K1MvUWJMVUJOT09GdlpieG1FczQxeEdHNWh1T0VJUzhveVh0cTd3QTMwMjZ5Clk0bTA2NE9rZGF2b2FZR1hYN0VxVVFLQmdGTU9XK3g0c3ZPQ3VHVjA3Njg4cys0TnZpU1dWWGgxcTE0V1FJam8KMDhpZlJBcG52V3hnMU9vaFFnQ1RDU3VyYjVqalprS2Z2aVpsT0tBalhycjRQTkpDQVhTQnQvckFXTWVyaUs1MApad3FacEF2bWYwZE84ajU3am0wYlM3SEtMb09OQ0FmQWN2QSt3TWRzQUFFekxubExYVzRLUW81M2FQVDB1M1Z6CmxwdEZBb0dBYXJFTjNnZmtWd3VTaUVHSHEwZzNaMXJ6UzBBN1RjTzZrWmQwRHROWnl0QjJ5Y1FEa0ZWS2VUVXQKTzRnYUVLSU00bEI4U3JPZWVDTnk5Z1VJU0pGd1Q5U0NxK01tZFpBbzM4d0FUdVpmWWhXYmVjUGtSQ3BJMHN5eApCQkUwczFNeURINE9nMUdhRGtEaTZrTkM3WUVySWF5ZVd3Q3Jma2hPL3p2elAvWmtpZmM9Ci0tLS0tRU5EIFJTQSBQUklWQVRFIEtFWS0tLS0tCg==",
                            "master_auth.0.cluster_ca_certificate": "LS0tLS1CRUdJTiBDRVJUSUZJQ0FURS0tLS0tCk1JSURDekNDQWZPZ0F3SUJBZ0lRTjlVSkxINEw4Y25JR0l5eXZ1N3N1akFOQmdrcWhraUc5dzBCQVFzRkFEQXYKTVMwd0t3WURWUVFERXlSa01HTTJOVGsxTVMwek4yWTBMVFJsWmpRdFlqVmhaaTB3TUdJd01EZzVOMk0zTVdZdwpIaGNOTVRnd05USTBNVGN6TlRVNVdoY05Nak13TlRJek1UZ3pOVFU1V2pBdk1TMHdLd1lEVlFRREV5UmtNR00yCk5UazFNUzB6TjJZMExUUmxaalF0WWpWaFppMHdNR0l3TURnNU4yTTNNV1l3Z2dFaU1BMEdDU3FHU0liM0RRRUIKQVFVQUE0SUJEd0F3Z2dFS0FvSUJBUUNPY2p5dTdDRUQ1aExOM2hOY2pjTVRIU1pvVms4QmRWMStjR2g3VU5hNwpOK1VQVVZiNUdGTzMwS1JhdXlxQURXam1ORm9SY0ErQ0VaMGlaenN3d1oramI4RGc4dm92M0Z4UUFBNnF2Zmk1CjRkejZKaHVJemxYb1F1UGxQckRWZFQveXd3Rjh6YmUybVdnR2NwOGhIZXBRT21RaVNXaUtUdUZwQXU2Y0ljaVMKWkFBcHg5K2FrYlhRNm5MQnJTdmd6UHpiMDVrUEV6UFAzY0Y2cksrSlRURHY5RkRvSFA1SGdKWEMxY1N2dWlmSgo0bXdHZVB1YkJieDZiTEdFR28rUzdaWVg3YVcvTHVUeFo5bHZpWmZ6UXlvQnQ5L2xQdjBnQ0U2cmNvWGxUM2QzCjlzVlo1cnJEYTBzQVlhSStsQVQxT09HeXh2ejlOcE9KYkFkc0tQbGU0bWNiQWdNQkFBR2pJekFoTUE0R0ExVWQKRHdFQi93UUVBd0lDQkRBUEJnTlZIUk1CQWY4RUJUQURBUUgvTUEwR0NTcUdTSWIzRFFFQkN3VUFBNElCQVFCaApUWmpnVExYTW5hc3BjMk1ZOEYvWkhWR29OenpvdUZZMzM4QXNQRU8zKzZ3SkNSenBORVZFNkNzWkJpTEd3YlJnCjlham9rSHdGczhFOEl1K2lBUkFkSkJlL29KcEQ1ZVlQcTU3Vm0vbnRNYnJIYjVTMm5FbGtkdG0yQlphMFJmYmYKM2VDbW5idHh2cWFTMThTbWdTZG9NV2JFNE5yQm5XQzVaRis1a3dlc1hmdG5YNWlzMy92RXFXY2NjWDVML2ZxZQpmRHRkZ1Jyc2hVNU1OdFByQm43bUJlUFFTOTg3UWhNQkZieDVaVktvTHVCZHVtYXc3OFl4YTZjczJWNXhMSEZoCjByNW5CMnh2SmszYUdEZUJ5TGFaaXJRNE1vR1BsZTBBY01PTEFkdnhTY3grNzY0QU1LMktHUGgzNXVPamRVTHYKNU9ublZlcHpvU3FBbG9rSlBYc1AKLS0tLS1FTkQgQ0VSVElGSUNBVEUtLS0tLQo=",
                            "master_auth.0.password": "kubernetes cluster for project oldiez",
                            "master_auth.0.username": "flowy",
                            "master_ipv4_cidr_block": "",
                            "master_version": "1.8.10-gke.0",
                            "monitoring_service": "monitoring.googleapis.com",
                            "name": "oldiez-cluster",
                            "network": "oldiez-platform",
                            "network_policy.#": "1",
                            "network_policy.0.enabled": "false",
                            "network_policy.0.provider": "PROVIDER_UNSPECIFIED",
                            "node_config.#": "1",
                            "node_config.0.disk_size_gb": "100",
                            "node_config.0.guest_accelerator.#": "0",
                            "node_config.0.image_type": "COS",
                            "node_config.0.labels.%": "0",
                            "node_config.0.local_ssd_count": "0",
                            "node_config.0.machine_type": "n1-standard-1",
                            "node_config.0.metadata.%": "0",
                            "node_config.0.min_cpu_platform": "",
                            "node_config.0.oauth_scopes.#": "6",
                            "node_config.0.oauth_scopes.1277378754": "https://www.googleapis.com/auth/monitoring",
                            "node_config.0.oauth_scopes.1693978638": "https://www.googleapis.com/auth/devstorage.full_control",
                            "node_config.0.oauth_scopes.172152165": "https://www.googleapis.com/auth/logging.write",
                            "node_config.0.oauth_scopes.1733087937": "https://www.googleapis.com/auth/cloud-platform",
                            "node_config.0.oauth_scopes.299962681": "https://www.googleapis.com/auth/compute",
                            "node_config.0.oauth_scopes.4159840982": "https://www.googleapis.com/auth/projecthosting",
                            "node_config.0.preemptible": "false",
                            "node_config.0.service_account": "default",
                            "node_config.0.tags.#": "0",
                            "node_config.0.taint.#": "0",
                            "node_config.0.workload_metadata_config.#": "0",
                            "node_pool.#": "1",
                            "node_pool.0.autoscaling.#": "0",
                            "node_pool.0.initial_node_count": "1",
                            "node_pool.0.instance_group_urls.#": "1",
                            "node_pool.0.instance_group_urls.0": "https://www.googleapis.com/compute/v1/projects/oldiez-204904/zones/us-west1-a/instanceGroupManagers/gke-oldiez-cluster-default-pool-19d91cef-grp",
                            "node_pool.0.management.#": "1",
                            "node_pool.0.management.0.auto_repair": "false",
                            "node_pool.0.management.0.auto_upgrade": "false",
                            "node_pool.0.name": "default-pool",
                            "node_pool.0.name_prefix": "",
                            "node_pool.0.node_config.#": "1",
                            "node_pool.0.node_config.0.disk_size_gb": "100",
                            "node_pool.0.node_config.0.guest_accelerator.#": "0",
                            "node_pool.0.node_config.0.image_type": "COS",
                            "node_pool.0.node_config.0.labels.%": "0",
                            "node_pool.0.node_config.0.local_ssd_count": "0",
                            "node_pool.0.node_config.0.machine_type": "n1-standard-1",
                            "node_pool.0.node_config.0.metadata.%": "0",
                            "node_pool.0.node_config.0.min_cpu_platform": "",
                            "node_pool.0.node_config.0.oauth_scopes.#": "6",
                            "node_pool.0.node_config.0.oauth_scopes.1277378754": "https://www.googleapis.com/auth/monitoring",
                            "node_pool.0.node_config.0.oauth_scopes.1693978638": "https://www.googleapis.com/auth/devstorage.full_control",
                            "node_pool.0.node_config.0.oauth_scopes.172152165": "https://www.googleapis.com/auth/logging.write",
                            "node_pool.0.node_config.0.oauth_scopes.1733087937": "https://www.googleapis.com/auth/cloud-platform",
                            "node_pool.0.node_config.0.oauth_scopes.299962681": "https://www.googleapis.com/auth/compute",
                            "node_pool.0.node_config.0.oauth_scopes.4159840982": "https://www.googleapis.com/auth/projecthosting",
                            "node_pool.0.node_config.0.preemptible": "false",
                            "node_pool.0.node_config.0.service_account": "default",
                            "node_pool.0.node_config.0.tags.#": "0",
                            "node_pool.0.node_config.0.taint.#": "0",
                            "node_pool.0.node_config.0.workload_metadata_config.#": "0",
                            "node_pool.0.node_count": "1",
                            "node_pool.0.version": "1.8.10-gke.0",
                            "node_version": "1.8.10-gke.0",
                            "private_cluster": "false",
                            "project": "oldiez-204904",
                            "subnetwork": "dev-oldiez-platform-us-west1",
                            "zone": "us-west1-a"
                        },
                        "meta": {
                            "e2bfb730-ecaa-11e6-8f88-34363bc7c4c0": {
                                "create": 1800000000000,
                                "delete": 600000000000,
                                "update": 600000000000
                            },
                            "schema_version": "1"
                        },
                        "tainted": false
                    },
                    "deposed": [],
                    "provider": "provider.google"
                },
                "google_dns_managed_zone.oldiez-dns": {
                    "type": "google_dns_managed_zone",
                    "depends_on": [],
                    "primary": {
                        "id": "oldiez-stage",
                        "attributes": {
                            "description": "stage.hooli.com DNS zone",
                            "dns_name": "stage.oldiez.com.",
                            "id": "oldiez-stage",
                            "name": "oldiez-stage",
                            "name_servers.#": "4",
                            "name_servers.0": "ns-cloud-c1.googledomains.com.",
                            "name_servers.1": "ns-cloud-c2.googledomains.com.",
                            "name_servers.2": "ns-cloud-c3.googledomains.com.",
                            "name_servers.3": "ns-cloud-c4.googledomains.com.",
                            "project": "oldiez-204904"
                        },
                        "meta": {},
                        "tainted": false
                    },
                    "deposed": [],
                    "provider": "provider.google"
                },
                "google_dns_record_set.dev-k8s-endpoint-oldiez": {
                    "type": "google_dns_record_set",
                    "depends_on": [
                        "google_container_cluster.oldiez-cluster",
                        "google_dns_managed_zone.oldiez-dns"
                    ],
                    "primary": {
                        "id": "oldiez-stage/k8s.dev.stage.oldiez.com./A",
                        "attributes": {
                            "id": "oldiez-stage/k8s.dev.stage.oldiez.com./A",
                            "managed_zone": "oldiez-stage",
                            "name": "k8s.dev.stage.oldiez.com.",
                            "project": "oldiez-204904",
                            "rrdatas.#": "1",
                            "rrdatas.0": "35.230.103.208",
                            "ttl": "300",
                            "type": "A"
                        },
                        "meta": {},
                        "tainted": false
                    },
                    "deposed": [],
                    "provider": "provider.google"
                }
            },
            "depends_on": []
        }
    ]
}
