github.com/kkdai/youtube v1.0.0 h1:+gLkWAmbqUoBwzl/6HgOxZLYy9KoopvyRR3NyZertGw=
github.com/kkdai/youtube v1.0.0/go.mod h1:yeSFmJtDXaM26osH1dR3ILIIle4/pzSVe9J6MZ2NmhI=
github.com/kkdai/youtube v1.0.1-0.20190805181255-7f944680e485 h1:R8ijz1cOaPcNhtA4PtjegFQ1roOzlMbOQsjYZmF12FU=
github.com/kkdai/youtube v1.0.1-0.20190805181255-7f944680e485/go.mod h1:yeSFmJtDXaM26osH1dR3ILIIle4/pzSVe9J6MZ2NmhI=
